lockfileVersion: "9.0"

settings:
  autoInstallPeers: true
  excludeLinksFromLockfile: false

importers:
  .:
    dependencies:
      "@pchip/components":
        specifier: workspace:*
        version: link:../../packages/components
      "@cr/shares":
        specifier: workspace:*
        version: link:../../packages/shares
      "@types/swiper":
        specifier: ^6.0.0
        version: 6.0.0

packages:
  "@types/swiper@6.0.0":
    resolution:
      {
        integrity: sha512-QPZRgxZ+ivXXtzV43B3LxpXUIC7FE/EoKM+rtxngmgt2M7eeUYypZhyqZD8UxJtlBcUDw/ATGoVeSNpvBBrz2w==,
      }
    deprecated: This is a stub types definition. swiper provides its own type definitions, so you do not need this installed.

  swiper@11.1.7:
    resolution:
      {
        integrity: sha512-2EpQvhgKb+DNbi8/i9uRXhddivcMZQxca341t2NZYV1xroCR2p4YtYd3azuqRQ4OEBGcG4nv3aN24O80bMipow==,
      }
    engines: { node: ">= 4.7.0" }

snapshots:
  "@types/swiper@6.0.0":
    dependencies:
      swiper: 11.1.7

  swiper@11.1.7: {}
